
Microsoft Visual Studio Solution File, Format Version 12.00
# Visual Studio 15
VisualStudioVersion = 15.0.28010.2050
MinimumVisualStudioVersion = 10.0.40219.1
Project("{FAE04EC0-301F-11D3-BF4B-00C04F79EFBC}") = "CafeAPI", "CafeAPI\CafeAPI.csproj", "{3E594C6C-0453-4409-B7F2-A41776D5E446}"
EndProject
Global
	GlobalSection(SolutionConfigurationPlatforms) = preSolution
		Debug|Any CPU = Debug|Any CPU
		Release|Any CPU = Release|Any CPU
	EndGlobalSection
	GlobalSection(ProjectConfigurationPlatforms) = postSolution
		{3E594C6C-0453-4409-B7F2-A41776D5E446}.Debug|Any CPU.ActiveCfg = Debug|Any CPU
		{3E594C6C-0453-4409-B7F2-A41776D5E446}.Debug|Any CPU.Build.0 = Debug|Any CPU
		{3E594C6C-0453-4409-B7F2-A41776D5E446}.Release|Any CPU.ActiveCfg = Release|Any CPU
		{3E594C6C-0453-4409-B7F2-A41776D5E446}.Release|Any CPU.Build.0 = Release|Any CPU
	EndGlobalSection
	GlobalSection(SolutionProperties) = preSolution
		HideSolutionNode = FALSE
	EndGlobalSection
	GlobalSection(ExtensibilityGlobals) = postSolution
		SolutionGuid = {409E4721-90F2-408D-B297-817712E71E92}
	EndGlobalSection
EndGlobal
