
Microsoft Visual Studio Solution File, Format Version 12.00
# Visual Studio 15
VisualStudioVersion = 15.0.28010.2050
MinimumVisualStudioVersion = 10.0.40219.1
Project("{FAE04EC0-301F-11D3-BF4B-00C04F79EFBC}") = "CafeClientWeb", "CafeClientWeb\CafeClientWeb.csproj", "{73C0CEDB-9453-4AF2-9A98-EE0A10C973E4}"
EndProject
Global
	GlobalSection(SolutionConfigurationPlatforms) = preSolution
		Debug|Any CPU = Debug|Any CPU
		Release|Any CPU = Release|Any CPU
	EndGlobalSection
	GlobalSection(ProjectConfigurationPlatforms) = postSolution
		{73C0CEDB-9453-4AF2-9A98-EE0A10C973E4}.Debug|Any CPU.ActiveCfg = Debug|Any CPU
		{73C0CEDB-9453-4AF2-9A98-EE0A10C973E4}.Debug|Any CPU.Build.0 = Debug|Any CPU
		{73C0CEDB-9453-4AF2-9A98-EE0A10C973E4}.Release|Any CPU.ActiveCfg = Release|Any CPU
		{73C0CEDB-9453-4AF2-9A98-EE0A10C973E4}.Release|Any CPU.Build.0 = Release|Any CPU
	EndGlobalSection
	GlobalSection(SolutionProperties) = preSolution
		HideSolutionNode = FALSE
	EndGlobalSection
	GlobalSection(ExtensibilityGlobals) = postSolution
		SolutionGuid = {AA7B9704-C2E3-4E8D-AC9E-B5369DE8F343}
	EndGlobalSection
EndGlobal
